
Microsoft Visual Studio Solution File, Format Version 12.00
# Visual Studio Version 16
VisualStudioVersion = 16.0.31624.102
MinimumVisualStudioVersion = 10.0.40219.1
Project("{8BC9CEB8-8B4A-11D0-8D11-00A0C91BC942}") = "Lab6.1", "Lab6.1\Lab6.1.vcxproj", "{67D8C033-35A4-42C7-A41A-1A0FAF309A0B}"
EndProject
Project("{8BC9CEB8-8B4A-11D0-8D11-00A0C91BC942}") = "UnitTest2", "UnitTest2\UnitTest2.vcxproj", "{5FB3FC0D-87FA-4CB6-BB0F-DC6DCD119198}"
EndProject
Global
	GlobalSection(SolutionConfigurationPlatforms) = preSolution
		Debug|x64 = Debug|x64
		Debug|x86 = Debug|x86
		Release|x64 = Release|x64
		Release|x86 = Release|x86
	EndGlobalSection
	GlobalSection(ProjectConfigurationPlatforms) = postSolution
		{67D8C033-35A4-42C7-A41A-1A0FAF309A0B}.Debug|x64.ActiveCfg = Debug|x64
		{67D8C033-35A4-42C7-A41A-1A0FAF309A0B}.Debug|x64.Build.0 = Debug|x64
		{67D8C033-35A4-42C7-A41A-1A0FAF309A0B}.Debug|x86.ActiveCfg = Debug|Win32
		{67D8C033-35A4-42C7-A41A-1A0FAF309A0B}.Debug|x86.Build.0 = Debug|Win32
		{67D8C033-35A4-42C7-A41A-1A0FAF309A0B}.Release|x64.ActiveCfg = Release|x64
		{67D8C033-35A4-42C7-A41A-1A0FAF309A0B}.Release|x64.Build.0 = Release|x64
		{67D8C033-35A4-42C7-A41A-1A0FAF309A0B}.Release|x86.ActiveCfg = Release|Win32
		{67D8C033-35A4-42C7-A41A-1A0FAF309A0B}.Release|x86.Build.0 = Release|Win32
		{5FB3FC0D-87FA-4CB6-BB0F-DC6DCD119198}.Debug|x64.ActiveCfg = Debug|x64
		{5FB3FC0D-87FA-4CB6-BB0F-DC6DCD119198}.Debug|x64.Build.0 = Debug|x64
		{5FB3FC0D-87FA-4CB6-BB0F-DC6DCD119198}.Debug|x86.ActiveCfg = Debug|Win32
		{5FB3FC0D-87FA-4CB6-BB0F-DC6DCD119198}.Debug|x86.Build.0 = Debug|Win32
		{5FB3FC0D-87FA-4CB6-BB0F-DC6DCD119198}.Release|x64.ActiveCfg = Release|x64
		{5FB3FC0D-87FA-4CB6-BB0F-DC6DCD119198}.Release|x64.Build.0 = Release|x64
		{5FB3FC0D-87FA-4CB6-BB0F-DC6DCD119198}.Release|x86.ActiveCfg = Release|Win32
		{5FB3FC0D-87FA-4CB6-BB0F-DC6DCD119198}.Release|x86.Build.0 = Release|Win32
	EndGlobalSection
	GlobalSection(SolutionProperties) = preSolution
		HideSolutionNode = FALSE
	EndGlobalSection
	GlobalSection(ExtensibilityGlobals) = postSolution
		SolutionGuid = {38B0927E-FB8E-4380-BCBA-79B9D4E8DEF0}
	EndGlobalSection
EndGlobal
